
Microsoft Visual Studio Solution File, Format Version 12.00
# Visual Studio Version 17
VisualStudioVersion = 17.9.34701.34
MinimumVisualStudioVersion = 10.0.40219.1
Project("{9A19103F-16F7-4668-BE54-9A1E7A4F7556}") = "BloodBankManagement.API", "BloodBankManagement.API\BloodBankManagement.API.csproj", "{540F582B-4B6D-4C05-A434-C391DD548026}"
EndProject
Project("{9A19103F-16F7-4668-BE54-9A1E7A4F7556}") = "BloodBankManagement.Domain", "BloodBankManagement.Domain\BloodBankManagement.Domain.csproj", "{F51524BA-BF8F-46B0-A42C-428A0F00DEC5}"
EndProject
Project("{9A19103F-16F7-4668-BE54-9A1E7A4F7556}") = "BloodBankManagement.Infrastructure", "BloodBankManagement.Infrastructure\BloodBankManagement.Infrastructure.csproj", "{D3FB0F15-CC85-4B5F-BDBC-9AFFFE0B533A}"
EndProject
Project("{9A19103F-16F7-4668-BE54-9A1E7A4F7556}") = "BloodBankManagement.Application", "BloodBankManagement.Application\BloodBankManagement.Application.csproj", "{C788A19D-FBD1-4BD3-B564-FA458CB682E2}"
EndProject
Project("{FAE04EC0-301F-11D3-BF4B-00C04F79EFBC}") = "BloodBankManagement.UnitTests", "BloodBankManagement.UnitTests\BloodBankManagement.UnitTests.csproj", "{0855E84B-5319-4C26-9112-D6BD13C76750}"
EndProject
Global
	GlobalSection(SolutionConfigurationPlatforms) = preSolution
		Debug|Any CPU = Debug|Any CPU
		Release|Any CPU = Release|Any CPU
	EndGlobalSection
	GlobalSection(ProjectConfigurationPlatforms) = postSolution
		{540F582B-4B6D-4C05-A434-C391DD548026}.Debug|Any CPU.ActiveCfg = Debug|Any CPU
		{540F582B-4B6D-4C05-A434-C391DD548026}.Debug|Any CPU.Build.0 = Debug|Any CPU
		{540F582B-4B6D-4C05-A434-C391DD548026}.Release|Any CPU.ActiveCfg = Release|Any CPU
		{540F582B-4B6D-4C05-A434-C391DD548026}.Release|Any CPU.Build.0 = Release|Any CPU
		{F51524BA-BF8F-46B0-A42C-428A0F00DEC5}.Debug|Any CPU.ActiveCfg = Debug|Any CPU
		{F51524BA-BF8F-46B0-A42C-428A0F00DEC5}.Debug|Any CPU.Build.0 = Debug|Any CPU
		{F51524BA-BF8F-46B0-A42C-428A0F00DEC5}.Release|Any CPU.ActiveCfg = Release|Any CPU
		{F51524BA-BF8F-46B0-A42C-428A0F00DEC5}.Release|Any CPU.Build.0 = Release|Any CPU
		{D3FB0F15-CC85-4B5F-BDBC-9AFFFE0B533A}.Debug|Any CPU.ActiveCfg = Debug|Any CPU
		{D3FB0F15-CC85-4B5F-BDBC-9AFFFE0B533A}.Debug|Any CPU.Build.0 = Debug|Any CPU
		{D3FB0F15-CC85-4B5F-BDBC-9AFFFE0B533A}.Release|Any CPU.ActiveCfg = Release|Any CPU
		{D3FB0F15-CC85-4B5F-BDBC-9AFFFE0B533A}.Release|Any CPU.Build.0 = Release|Any CPU
		{C788A19D-FBD1-4BD3-B564-FA458CB682E2}.Debug|Any CPU.ActiveCfg = Debug|Any CPU
		{C788A19D-FBD1-4BD3-B564-FA458CB682E2}.Debug|Any CPU.Build.0 = Debug|Any CPU
		{C788A19D-FBD1-4BD3-B564-FA458CB682E2}.Release|Any CPU.ActiveCfg = Release|Any CPU
		{C788A19D-FBD1-4BD3-B564-FA458CB682E2}.Release|Any CPU.Build.0 = Release|Any CPU
		{0855E84B-5319-4C26-9112-D6BD13C76750}.Debug|Any CPU.ActiveCfg = Debug|Any CPU
		{0855E84B-5319-4C26-9112-D6BD13C76750}.Debug|Any CPU.Build.0 = Debug|Any CPU
		{0855E84B-5319-4C26-9112-D6BD13C76750}.Release|Any CPU.ActiveCfg = Release|Any CPU
		{0855E84B-5319-4C26-9112-D6BD13C76750}.Release|Any CPU.Build.0 = Release|Any CPU
	EndGlobalSection
	GlobalSection(SolutionProperties) = preSolution
		HideSolutionNode = FALSE
	EndGlobalSection
	GlobalSection(ExtensibilityGlobals) = postSolution
		SolutionGuid = {366DB5F4-E027-40CC-AA05-FADCAEFCE08A}
	EndGlobalSection
EndGlobal
